
Microsoft Visual Studio Solution File, Format Version 12.00
# Visual Studio Version 17
VisualStudioVersion = 17.8.34511.84
MinimumVisualStudioVersion = 10.0.40219.1
Project("{FAE04EC0-301F-11D3-BF4B-00C04F79EFBC}") = "DateBooking.Api", "DateBooking.Api\DateBooking.Api.csproj", "{C562D357-8DB8-48C1-A249-63E8C178A213}"
EndProject
Project("{2150E333-8FDC-42A3-9474-1A3956D46DE8}") = "src", "src", "{344ABE56-7D05-4235-9739-2FEEF577C5D6}"
EndProject
Project("{FAE04EC0-301F-11D3-BF4B-00C04F79EFBC}") = "DateBooking.Domain", "DateBooking.Domain\DateBooking.Domain.csproj", "{392BABFC-1192-4E41-9092-4FA0E53AA9DD}"
EndProject
Project("{FAE04EC0-301F-11D3-BF4B-00C04F79EFBC}") = "DateBooking.Application", "DateBooking.Application\DateBooking.Application.csproj", "{191C9ECA-DE99-4140-AC9F-6B3410379443}"
EndProject
Project("{FAE04EC0-301F-11D3-BF4B-00C04F79EFBC}") = "DateBooking.Infrastructure", "DateBooking.Infrastructure\DateBooking.Infrastructure.csproj", "{387F4DCE-DD34-4EA7-A77B-BF8E6F0D1EE6}"
EndProject
Global
	GlobalSection(SolutionConfigurationPlatforms) = preSolution
		Debug|Any CPU = Debug|Any CPU
		Release|Any CPU = Release|Any CPU
	EndGlobalSection
	GlobalSection(ProjectConfigurationPlatforms) = postSolution
		{C562D357-8DB8-48C1-A249-63E8C178A213}.Debug|Any CPU.ActiveCfg = Debug|Any CPU
		{C562D357-8DB8-48C1-A249-63E8C178A213}.Debug|Any CPU.Build.0 = Debug|Any CPU
		{C562D357-8DB8-48C1-A249-63E8C178A213}.Release|Any CPU.ActiveCfg = Release|Any CPU
		{C562D357-8DB8-48C1-A249-63E8C178A213}.Release|Any CPU.Build.0 = Release|Any CPU
		{392BABFC-1192-4E41-9092-4FA0E53AA9DD}.Debug|Any CPU.ActiveCfg = Debug|Any CPU
		{392BABFC-1192-4E41-9092-4FA0E53AA9DD}.Debug|Any CPU.Build.0 = Debug|Any CPU
		{392BABFC-1192-4E41-9092-4FA0E53AA9DD}.Release|Any CPU.ActiveCfg = Release|Any CPU
		{392BABFC-1192-4E41-9092-4FA0E53AA9DD}.Release|Any CPU.Build.0 = Release|Any CPU
		{191C9ECA-DE99-4140-AC9F-6B3410379443}.Debug|Any CPU.ActiveCfg = Debug|Any CPU
		{191C9ECA-DE99-4140-AC9F-6B3410379443}.Debug|Any CPU.Build.0 = Debug|Any CPU
		{191C9ECA-DE99-4140-AC9F-6B3410379443}.Release|Any CPU.ActiveCfg = Release|Any CPU
		{191C9ECA-DE99-4140-AC9F-6B3410379443}.Release|Any CPU.Build.0 = Release|Any CPU
		{387F4DCE-DD34-4EA7-A77B-BF8E6F0D1EE6}.Debug|Any CPU.ActiveCfg = Debug|Any CPU
		{387F4DCE-DD34-4EA7-A77B-BF8E6F0D1EE6}.Debug|Any CPU.Build.0 = Debug|Any CPU
		{387F4DCE-DD34-4EA7-A77B-BF8E6F0D1EE6}.Release|Any CPU.ActiveCfg = Release|Any CPU
		{387F4DCE-DD34-4EA7-A77B-BF8E6F0D1EE6}.Release|Any CPU.Build.0 = Release|Any CPU
	EndGlobalSection
	GlobalSection(SolutionProperties) = preSolution
		HideSolutionNode = FALSE
	EndGlobalSection
	GlobalSection(NestedProjects) = preSolution
		{C562D357-8DB8-48C1-A249-63E8C178A213} = {344ABE56-7D05-4235-9739-2FEEF577C5D6}
		{392BABFC-1192-4E41-9092-4FA0E53AA9DD} = {344ABE56-7D05-4235-9739-2FEEF577C5D6}
		{191C9ECA-DE99-4140-AC9F-6B3410379443} = {344ABE56-7D05-4235-9739-2FEEF577C5D6}
		{387F4DCE-DD34-4EA7-A77B-BF8E6F0D1EE6} = {344ABE56-7D05-4235-9739-2FEEF577C5D6}
	EndGlobalSection
	GlobalSection(ExtensibilityGlobals) = postSolution
		SolutionGuid = {96B82854-FDB9-4810-9BB0-1BEE52E5FBEB}
	EndGlobalSection
EndGlobal
